
Microsoft Visual Studio Solution File, Format Version 12.00
# Visual Studio Version 17
VisualStudioVersion = 17.8.34330.188
MinimumVisualStudioVersion = 10.0.40219.1
Project("{9A19103F-16F7-4668-BE54-9A1E7A4F7556}") = "ServiceClient", "ServiceClient\ServiceClient.csproj", "{AD33CC9F-421E-417F-A0E9-326756109635}"
EndProject
Project("{FAE04EC0-301F-11D3-BF4B-00C04F79EFBC}") = "UnitTests", "UnitTests\UnitTests.csproj", "{5C4033C8-7CF3-4D10-B668-4F1CCE894FE7}"
EndProject
Global
	GlobalSection(SolutionConfigurationPlatforms) = preSolution
		Debug|Any CPU = Debug|Any CPU
		Release|Any CPU = Release|Any CPU
	EndGlobalSection
	GlobalSection(ProjectConfigurationPlatforms) = postSolution
		{AD33CC9F-421E-417F-A0E9-326756109635}.Debug|Any CPU.ActiveCfg = Debug|Any CPU
		{AD33CC9F-421E-417F-A0E9-326756109635}.Debug|Any CPU.Build.0 = Debug|Any CPU
		{AD33CC9F-421E-417F-A0E9-326756109635}.Release|Any CPU.ActiveCfg = Release|Any CPU
		{AD33CC9F-421E-417F-A0E9-326756109635}.Release|Any CPU.Build.0 = Release|Any CPU
		{5C4033C8-7CF3-4D10-B668-4F1CCE894FE7}.Debug|Any CPU.ActiveCfg = Debug|Any CPU
		{5C4033C8-7CF3-4D10-B668-4F1CCE894FE7}.Debug|Any CPU.Build.0 = Debug|Any CPU
		{5C4033C8-7CF3-4D10-B668-4F1CCE894FE7}.Release|Any CPU.ActiveCfg = Release|Any CPU
		{5C4033C8-7CF3-4D10-B668-4F1CCE894FE7}.Release|Any CPU.Build.0 = Release|Any CPU
	EndGlobalSection
	GlobalSection(SolutionProperties) = preSolution
		HideSolutionNode = FALSE
	EndGlobalSection
	GlobalSection(ExtensibilityGlobals) = postSolution
		SolutionGuid = {22C22263-F03D-466E-AB00-411E87FFCBEB}
	EndGlobalSection
EndGlobal
